
Microsoft Visual Studio Solution File, Format Version 12.00
# Visual Studio Version 17
VisualStudioVersion = 17.5.33530.505
MinimumVisualStudioVersion = 10.0.40219.1
Project("{FAE04EC0-301F-11D3-BF4B-00C04F79EFBC}") = "Inheritance_Task2", "Inheritance_Task2\Inheritance_Task2.csproj", "{6AB6B9EC-DB50-4C7B-941A-132C66C73A17}"
EndProject
Global
	GlobalSection(SolutionConfigurationPlatforms) = preSolution
		Debug|Any CPU = Debug|Any CPU
		Release|Any CPU = Release|Any CPU
	EndGlobalSection
	GlobalSection(ProjectConfigurationPlatforms) = postSolution
		{6AB6B9EC-DB50-4C7B-941A-132C66C73A17}.Debug|Any CPU.ActiveCfg = Debug|Any CPU
		{6AB6B9EC-DB50-4C7B-941A-132C66C73A17}.Debug|Any CPU.Build.0 = Debug|Any CPU
		{6AB6B9EC-DB50-4C7B-941A-132C66C73A17}.Release|Any CPU.ActiveCfg = Release|Any CPU
		{6AB6B9EC-DB50-4C7B-941A-132C66C73A17}.Release|Any CPU.Build.0 = Release|Any CPU
	EndGlobalSection
	GlobalSection(SolutionProperties) = preSolution
		HideSolutionNode = FALSE
	EndGlobalSection
	GlobalSection(ExtensibilityGlobals) = postSolution
		SolutionGuid = {1EF46382-EF6D-491B-B297-89BA816EF884}
	EndGlobalSection
EndGlobal
